
Microsoft Visual Studio Solution File, Format Version 12.00
# Visual Studio Version 17
VisualStudioVersion = 17.10.34928.147
MinimumVisualStudioVersion = 10.0.40219.1
Project("{FAE04EC0-301F-11D3-BF4B-00C04F79EFBC}") = "Triangle Type Identifier P1", "Triangle Type Identifier P1\Triangle Type Identifier P1.csproj", "{729BBF26-D593-4610-9A91-8F104D346A40}"
EndProject
Global
	GlobalSection(SolutionConfigurationPlatforms) = preSolution
		Debug|Any CPU = Debug|Any CPU
		Release|Any CPU = Release|Any CPU
	EndGlobalSection
	GlobalSection(ProjectConfigurationPlatforms) = postSolution
		{729BBF26-D593-4610-9A91-8F104D346A40}.Debug|Any CPU.ActiveCfg = Debug|Any CPU
		{729BBF26-D593-4610-9A91-8F104D346A40}.Debug|Any CPU.Build.0 = Debug|Any CPU
		{729BBF26-D593-4610-9A91-8F104D346A40}.Release|Any CPU.ActiveCfg = Release|Any CPU
		{729BBF26-D593-4610-9A91-8F104D346A40}.Release|Any CPU.Build.0 = Release|Any CPU
	EndGlobalSection
	GlobalSection(SolutionProperties) = preSolution
		HideSolutionNode = FALSE
	EndGlobalSection
	GlobalSection(ExtensibilityGlobals) = postSolution
		SolutionGuid = {81720545-0332-473D-8B78-7C22DF9ABBD0}
	EndGlobalSection
EndGlobal
